
Microsoft Visual Studio Solution File, Format Version 12.00
# Visual Studio Version 16
VisualStudioVersion = 16.0.30621.155
MinimumVisualStudioVersion = 10.0.40219.1
Project("{FAE04EC0-301F-11D3-BF4B-00C04F79EFBC}") = "HW0", "HW0.csproj", "{6C580565-BFDE-4ECE-9D0C-B0BB744629BB}"
EndProject
Global
	GlobalSection(SolutionConfigurationPlatforms) = preSolution
		Debug|Any CPU = Debug|Any CPU
		Release|Any CPU = Release|Any CPU
	EndGlobalSection
	GlobalSection(ProjectConfigurationPlatforms) = postSolution
		{6C580565-BFDE-4ECE-9D0C-B0BB744629BB}.Debug|Any CPU.ActiveCfg = Debug|Any CPU
		{6C580565-BFDE-4ECE-9D0C-B0BB744629BB}.Debug|Any CPU.Build.0 = Debug|Any CPU
		{6C580565-BFDE-4ECE-9D0C-B0BB744629BB}.Release|Any CPU.ActiveCfg = Release|Any CPU
		{6C580565-BFDE-4ECE-9D0C-B0BB744629BB}.Release|Any CPU.Build.0 = Release|Any CPU
	EndGlobalSection
	GlobalSection(SolutionProperties) = preSolution
		HideSolutionNode = FALSE
	EndGlobalSection
	GlobalSection(ExtensibilityGlobals) = postSolution
		SolutionGuid = {3C946D70-2A60-450F-A1F4-2CAD825F69D6}
	EndGlobalSection
EndGlobal
